{
  "requires": true,
  "lockfileVersion": 1,
  "dependencies": {
    "aurelia-dependency-injection": {
      "version": "1.4.1",
      "resolved": "https://registry.npmjs.org/aurelia-dependency-injection/-/aurelia-dependency-injection-1.4.1.tgz",
      "integrity": "sha512-NexdxbXQKVhg8ywHosauccKbnn3vAeLyNg3oPa0l+z1fgOMf3/jvVYpcdmWelJP5yfBmYNyTYVBffCKeaS2m0w==",
      "requires": {
        "aurelia-metadata": "1.0.4",
        "aurelia-pal": "1.8.0"
      }
    },
    "aurelia-event-aggregator": {
      "version": "1.0.1",
      "resolved": "https://registry.npmjs.org/aurelia-event-aggregator/-/aurelia-event-aggregator-1.0.1.tgz",
      "integrity": "sha1-nXx8Hh7+HvOnh4Xnar6AYB4tNMg=",
      "requires": {
        "aurelia-logging": "1.5.0"
      }
    },
    "aurelia-history": {
      "version": "1.1.0",
      "resolved": "https://registry.npmjs.org/aurelia-history/-/aurelia-history-1.1.0.tgz",
      "integrity": "sha1-d5qjhtVoA6qkvbfXFDWld2hQX1c="
    },
    "aurelia-logging": {
      "version": "1.5.0",
      "resolved": "https://registry.npmjs.org/aurelia-logging/-/aurelia-logging-1.5.0.tgz",
      "integrity": "sha512-u9Hhoj3yDHthKgTyj2svr7PaO41e2WFM2dSITxzOMzW8dC9hGVsIo9Hl6cereTP4+GMfMMQF5ZFp6Kfg87Ov0Q=="
    },
    "aurelia-metadata": {
      "version": "1.0.4",
      "resolved": "https://registry.npmjs.org/aurelia-metadata/-/aurelia-metadata-1.0.4.tgz",
      "integrity": "sha512-9CgVH+kgrMIqWPAtdhhEJLoEPRMFz4RMsaLkYfYnK7LUCcOtZtPrOrAHCaU7jVa67JjGcsXkEqoN+xaTs0NL3g==",
      "requires": {
        "aurelia-pal": "1.8.0"
      }
    },
    "aurelia-pal": {
      "version": "1.8.0",
      "resolved": "https://registry.npmjs.org/aurelia-pal/-/aurelia-pal-1.8.0.tgz",
      "integrity": "sha512-Nc9S/JTUh1ErSUwg4INhgwBTe99ef8gYXZLjBnP4JJBmLcc/ChhOvj/dSRwluPkosggQgyj2pjla/9VAYHAXPg=="
    },
    "aurelia-path": {
      "version": "1.1.1",
      "resolved": "https://registry.npmjs.org/aurelia-path/-/aurelia-path-1.1.1.tgz",
      "integrity": "sha1-yqnSC8hRWl+fKG2aOxjYGyyFsN0="
    },
    "aurelia-route-recognizer": {
      "version": "1.2.0",
      "resolved": "https://registry.npmjs.org/aurelia-route-recognizer/-/aurelia-route-recognizer-1.2.0.tgz",
      "integrity": "sha512-ABpfGBNclwWJik/DRSwJ5pUXAjMoD5mqGLMFbovroeWjdPQKonLh1G0BByngaWOdsIi3KrOglmktCFXqLn2jxg==",
      "requires": {
        "aurelia-path": "1.1.1"
      }
    },
    "aurelia-router": {
      "version": "1.6.3",
      "resolved": "https://registry.npmjs.org/aurelia-router/-/aurelia-router-1.6.3.tgz",
      "integrity": "sha512-6Dsr+8cSq4Bf61OOHhTQgkZvis4mhjqh1QbIKO7Ny+oRYdhnFjz1izHDYAosD52spXl/mVtlC1pJSg/ooAtHqA==",
      "requires": {
        "aurelia-dependency-injection": "1.4.1",
        "aurelia-event-aggregator": "1.0.1",
        "aurelia-history": "1.1.0",
        "aurelia-logging": "1.5.0",
        "aurelia-path": "1.1.1",
        "aurelia-route-recognizer": "1.2.0"
      }
    }
  }
}
